// !$*UTF8*$!
{
	archiveVersion = 1;
	classes = {
	};
	objectVersion = 46;
	objects = {

/* Begin PBXBuildFile section */
		285D314E1D82BF32001F4097 /* AppDelegate.m in Sources */ = {isa = PBXBuildFile; fileRef = 285D314D1D82BF32001F4097 /* AppDelegate.m */; };
		285D31511D82BF32001F4097 /* main.m in Sources */ = {isa = PBXBuildFile; fileRef = 285D31501D82BF32001F4097 /* main.m */; };
		285D31541D82BF32001F4097 /* ViewController.m in Sources */ = {isa = PBXBuildFile; fileRef = 285D31531D82BF32001F4097 /* ViewController.m */; };
		285D31561D82BF32001F4097 /* Assets.xcassets in Resources */ = {isa = PBXBuildFile; fileRef = 285D31551D82BF32001F4097 /* Assets.xcassets */; };
		285D31591D82BF32001F4097 /* Main.storyboard in Resources */ = {isa = PBXBuildFile; fileRef = 285D31571D82BF32001F4097 /* Main.storyboard */; };
		285D317C1D82EB07001F4097 /* TKThemeColor+Demo.m in Sources */ = {isa = PBXBuildFile; fileRef = 285D317B1D82EB07001F4097 /* TKThemeColor+Demo.m */; };
		285D317F1D82EBDB001F4097 /* TKThemeGradient+Demo.m in Sources */ = {isa = PBXBuildFile; fileRef = 285D317E1D82EBDB001F4097 /* TKThemeGradient+Demo.m */; };
		285D31821D82EC5C001F4097 /* TKLightTheme+Demo.m in Sources */ = {isa = PBXBuildFile; fileRef = 285D31811D82EC5C001F4097 /* TKLightTheme+Demo.m */; };
		285D31881D82ECE1001F4097 /* TKDarkTheme+Demo.m in Sources */ = {isa = PBXBuildFile; fileRef = 285D31871D82ECE1001F4097 /* TKDarkTheme+Demo.m */; };
		285D318B1D82F24D001F4097 /* TKDefaultThemeTransformer.m in Sources */ = {isa = PBXBuildFile; fileRef = 285D318A1D82F24D001F4097 /* TKDefaultThemeTransformer.m */; };
		286DE8221D92E7BB00767E00 /* ThemeKit.framework in Frameworks */ = {isa = PBXBuildFile; fileRef = 286DE8211D92E7B500767E00 /* ThemeKit.framework */; };
/* End PBXBuildFile section */

/* Begin PBXContainerItemProxy section */
		286DE8201D92E7B500767E00 /* PBXContainerItemProxy */ = {
			isa = PBXContainerItemProxy;
			containerPortal = 286DE81C1D92E7B500767E00 /* ThemeKit.xcodeproj */;
			proxyType = 2;
			remoteGlobalIDString = 286DE7C81D92DF8F00767E00;
			remoteInfo = ThemeKit;
		};
		286DE8231D92E7C400767E00 /* PBXContainerItemProxy */ = {
			isa = PBXContainerItemProxy;
			containerPortal = 286DE81C1D92E7B500767E00 /* ThemeKit.xcodeproj */;
			proxyType = 1;
			remoteGlobalIDString = 286DE7C71D92DF8F00767E00;
			remoteInfo = ThemeKit;
		};
/* End PBXContainerItemProxy section */

/* Begin PBXCopyFilesBuildPhase section */
		285D31741D82C40F001F4097 /* Embed Frameworks */ = {
			isa = PBXCopyFilesBuildPhase;
			buildActionMask = 2147483647;
			dstPath = "";
			dstSubfolderSpec = 10;
			files = (
			);
			name = "Embed Frameworks";
			runOnlyForDeploymentPostprocessing = 0;
		};
/* End PBXCopyFilesBuildPhase section */

/* Begin PBXFileReference section */
		285D31491D82BF32001F4097 /* DemoObjectiveC.app */ = {isa = PBXFileReference; explicitFileType = wrapper.application; includeInIndex = 0; path = DemoObjectiveC.app; sourceTree = BUILT_PRODUCTS_DIR; };
		285D314C1D82BF32001F4097 /* AppDelegate.h */ = {isa = PBXFileReference; lastKnownFileType = sourcecode.c.h; path = AppDelegate.h; sourceTree = "<group>"; };
		285D314D1D82BF32001F4097 /* AppDelegate.m */ = {isa = PBXFileReference; lastKnownFileType = sourcecode.c.objc; path = AppDelegate.m; sourceTree = "<group>"; };
		285D31501D82BF32001F4097 /* main.m */ = {isa = PBXFileReference; lastKnownFileType = sourcecode.c.objc; path = main.m; sourceTree = "<group>"; };
		285D31521D82BF32001F4097 /* ViewController.h */ = {isa = PBXFileReference; lastKnownFileType = sourcecode.c.h; path = ViewController.h; sourceTree = "<group>"; };
		285D31531D82BF32001F4097 /* ViewController.m */ = {isa = PBXFileReference; lastKnownFileType = sourcecode.c.objc; path = ViewController.m; sourceTree = "<group>"; };
		285D31551D82BF32001F4097 /* Assets.xcassets */ = {isa = PBXFileReference; lastKnownFileType = folder.assetcatalog; path = Assets.xcassets; sourceTree = "<group>"; };
		285D31581D82BF32001F4097 /* Base */ = {isa = PBXFileReference; lastKnownFileType = file.storyboard; name = Base; path = Base.lproj/Main.storyboard; sourceTree = "<group>"; };
		285D315A1D82BF32001F4097 /* Info.plist */ = {isa = PBXFileReference; lastKnownFileType = text.plist.xml; path = Info.plist; sourceTree = "<group>"; };
		285D317A1D82EB07001F4097 /* TKThemeColor+Demo.h */ = {isa = PBXFileReference; fileEncoding = 4; lastKnownFileType = sourcecode.c.h; path = "TKThemeColor+Demo.h"; sourceTree = "<group>"; };
		285D317B1D82EB07001F4097 /* TKThemeColor+Demo.m */ = {isa = PBXFileReference; fileEncoding = 4; lastKnownFileType = sourcecode.c.objc; path = "TKThemeColor+Demo.m"; sourceTree = "<group>"; };
		285D317D1D82EBDB001F4097 /* TKThemeGradient+Demo.h */ = {isa = PBXFileReference; fileEncoding = 4; lastKnownFileType = sourcecode.c.h; path = "TKThemeGradient+Demo.h"; sourceTree = "<group>"; };
		285D317E1D82EBDB001F4097 /* TKThemeGradient+Demo.m */ = {isa = PBXFileReference; fileEncoding = 4; lastKnownFileType = sourcecode.c.objc; path = "TKThemeGradient+Demo.m"; sourceTree = "<group>"; };
		285D31801D82EC5C001F4097 /* TKLightTheme+Demo.h */ = {isa = PBXFileReference; fileEncoding = 4; lastKnownFileType = sourcecode.c.h; path = "TKLightTheme+Demo.h"; sourceTree = "<group>"; };
		285D31811D82EC5C001F4097 /* TKLightTheme+Demo.m */ = {isa = PBXFileReference; fileEncoding = 4; lastKnownFileType = sourcecode.c.objc; path = "TKLightTheme+Demo.m"; sourceTree = "<group>"; };
		285D31861D82ECE1001F4097 /* TKDarkTheme+Demo.h */ = {isa = PBXFileReference; fileEncoding = 4; lastKnownFileType = sourcecode.c.h; path = "TKDarkTheme+Demo.h"; sourceTree = "<group>"; };
		285D31871D82ECE1001F4097 /* TKDarkTheme+Demo.m */ = {isa = PBXFileReference; fileEncoding = 4; lastKnownFileType = sourcecode.c.objc; path = "TKDarkTheme+Demo.m"; sourceTree = "<group>"; };
		285D31891D82F24D001F4097 /* TKDefaultThemeTransformer.h */ = {isa = PBXFileReference; fileEncoding = 4; lastKnownFileType = sourcecode.c.h; path = TKDefaultThemeTransformer.h; sourceTree = "<group>"; };
		285D318A1D82F24D001F4097 /* TKDefaultThemeTransformer.m */ = {isa = PBXFileReference; fileEncoding = 4; lastKnownFileType = sourcecode.c.objc; path = TKDefaultThemeTransformer.m; sourceTree = "<group>"; };
		286DE81C1D92E7B500767E00 /* ThemeKit.xcodeproj */ = {isa = PBXFileReference; lastKnownFileType = "wrapper.pb-project"; name = ThemeKit.xcodeproj; path = ../ThemeKit/ThemeKit.xcodeproj; sourceTree = "<group>"; };
/* End PBXFileReference section */

/* Begin PBXFrameworksBuildPhase section */
		285D31461D82BF32001F4097 /* Frameworks */ = {
			isa = PBXFrameworksBuildPhase;
			buildActionMask = 2147483647;
			files = (
				286DE8221D92E7BB00767E00 /* ThemeKit.framework in Frameworks */,
			);
			runOnlyForDeploymentPostprocessing = 0;
		};
/* End PBXFrameworksBuildPhase section */

/* Begin PBXGroup section */
		285D31401D82BF32001F4097 = {
			isa = PBXGroup;
			children = (
				285D314B1D82BF32001F4097 /* DemoObjectiveC */,
				285D314A1D82BF32001F4097 /* Products */,
				285D31601D82C367001F4097 /* Frameworks */,
			);
			sourceTree = "<group>";
		};
		285D314A1D82BF32001F4097 /* Products */ = {
			isa = PBXGroup;
			children = (
				285D31491D82BF32001F4097 /* DemoObjectiveC.app */,
			);
			name = Products;
			sourceTree = "<group>";
		};
		285D314B1D82BF32001F4097 /* DemoObjectiveC */ = {
			isa = PBXGroup;
			children = (
				285D314C1D82BF32001F4097 /* AppDelegate.h */,
				285D314D1D82BF32001F4097 /* AppDelegate.m */,
				285D31521D82BF32001F4097 /* ViewController.h */,
				285D31531D82BF32001F4097 /* ViewController.m */,
				285D31891D82F24D001F4097 /* TKDefaultThemeTransformer.h */,
				285D318A1D82F24D001F4097 /* TKDefaultThemeTransformer.m */,
				285D31791D82EAAE001F4097 /* Theming */,
				285D31551D82BF32001F4097 /* Assets.xcassets */,
				285D31571D82BF32001F4097 /* Main.storyboard */,
				285D315A1D82BF32001F4097 /* Info.plist */,
				285D314F1D82BF32001F4097 /* Supporting Files */,
			);
			path = DemoObjectiveC;
			sourceTree = "<group>";
		};
		285D314F1D82BF32001F4097 /* Supporting Files */ = {
			isa = PBXGroup;
			children = (
				285D31501D82BF32001F4097 /* main.m */,
			);
			name = "Supporting Files";
			sourceTree = "<group>";
		};
		285D31601D82C367001F4097 /* Frameworks */ = {
			isa = PBXGroup;
			children = (
				286DE81C1D92E7B500767E00 /* ThemeKit.xcodeproj */,
			);
			name = Frameworks;
			sourceTree = "<group>";
		};
		285D31791D82EAAE001F4097 /* Theming */ = {
			isa = PBXGroup;
			children = (
				285D317A1D82EB07001F4097 /* TKThemeColor+Demo.h */,
				285D317B1D82EB07001F4097 /* TKThemeColor+Demo.m */,
				285D317D1D82EBDB001F4097 /* TKThemeGradient+Demo.h */,
				285D317E1D82EBDB001F4097 /* TKThemeGradient+Demo.m */,
				285D31801D82EC5C001F4097 /* TKLightTheme+Demo.h */,
				285D31811D82EC5C001F4097 /* TKLightTheme+Demo.m */,
				285D31861D82ECE1001F4097 /* TKDarkTheme+Demo.h */,
				285D31871D82ECE1001F4097 /* TKDarkTheme+Demo.m */,
			);
			name = Theming;
			sourceTree = "<group>";
		};
		286DE81D1D92E7B500767E00 /* Products */ = {
			isa = PBXGroup;
			children = (
				286DE8211D92E7B500767E00 /* ThemeKit.framework */,
			);
			name = Products;
			sourceTree = "<group>";
		};
/* End PBXGroup section */

/* Begin PBXNativeTarget section */
		285D31481D82BF32001F4097 /* DemoObjectiveC */ = {
			isa = PBXNativeTarget;
			buildConfigurationList = 285D315D1D82BF32001F4097 /* Build configuration list for PBXNativeTarget "DemoObjectiveC" */;
			buildPhases = (
				285D31451D82BF32001F4097 /* Sources */,
				285D31461D82BF32001F4097 /* Frameworks */,
				285D31471D82BF32001F4097 /* Resources */,
				285D31741D82C40F001F4097 /* Embed Frameworks */,
			);
			buildRules = (
			);
			dependencies = (
				286DE8241D92E7C400767E00 /* PBXTargetDependency */,
			);
			name = DemoObjectiveC;
			productName = DemoObjectiveC;
			productReference = 285D31491D82BF32001F4097 /* DemoObjectiveC.app */;
			productType = "com.apple.product-type.application";
		};
/* End PBXNativeTarget section */

/* Begin PBXProject section */
		285D31411D82BF32001F4097 /* Project object */ = {
			isa = PBXProject;
			attributes = {
				LastUpgradeCheck = 0800;
				ORGANIZATIONNAME = "Paw Inc.";
				TargetAttributes = {
					285D31481D82BF32001F4097 = {
						CreatedOnToolsVersion = 8.0;
						ProvisioningStyle = Automatic;
					};
				};
			};
			buildConfigurationList = 285D31441D82BF32001F4097 /* Build configuration list for PBXProject "DemoObjectiveC" */;
			compatibilityVersion = "Xcode 3.2";
			developmentRegion = English;
			hasScannedForEncodings = 0;
			knownRegions = (
				en,
				Base,
			);
			mainGroup = 285D31401D82BF32001F4097;
			productRefGroup = 285D314A1D82BF32001F4097 /* Products */;
			projectDirPath = "";
			projectReferences = (
				{
					ProductGroup = 286DE81D1D92E7B500767E00 /* Products */;
					ProjectRef = 286DE81C1D92E7B500767E00 /* ThemeKit.xcodeproj */;
				},
			);
			projectRoot = "";
			targets = (
				285D31481D82BF32001F4097 /* DemoObjectiveC */,
			);
		};
/* End PBXProject section */

/* Begin PBXReferenceProxy section */
		286DE8211D92E7B500767E00 /* ThemeKit.framework */ = {
			isa = PBXReferenceProxy;
			fileType = wrapper.framework;
			path = ThemeKit.framework;
			remoteRef = 286DE8201D92E7B500767E00 /* PBXContainerItemProxy */;
			sourceTree = BUILT_PRODUCTS_DIR;
		};
/* End PBXReferenceProxy section */

/* Begin PBXResourcesBuildPhase section */
		285D31471D82BF32001F4097 /* Resources */ = {
			isa = PBXResourcesBuildPhase;
			buildActionMask = 2147483647;
			files = (
				285D31561D82BF32001F4097 /* Assets.xcassets in Resources */,
				285D31591D82BF32001F4097 /* Main.storyboard in Resources */,
			);
			runOnlyForDeploymentPostprocessing = 0;
		};
/* End PBXResourcesBuildPhase section */

/* Begin PBXSourcesBuildPhase section */
		285D31451D82BF32001F4097 /* Sources */ = {
			isa = PBXSourcesBuildPhase;
			buildActionMask = 2147483647;
			files = (
				285D318B1D82F24D001F4097 /* TKDefaultThemeTransformer.m in Sources */,
				285D31541D82BF32001F4097 /* ViewController.m in Sources */,
				285D31511D82BF32001F4097 /* main.m in Sources */,
				285D317F1D82EBDB001F4097 /* TKThemeGradient+Demo.m in Sources */,
				285D314E1D82BF32001F4097 /* AppDelegate.m in Sources */,
				285D31821D82EC5C001F4097 /* TKLightTheme+Demo.m in Sources */,
				285D317C1D82EB07001F4097 /* TKThemeColor+Demo.m in Sources */,
				285D31881D82ECE1001F4097 /* TKDarkTheme+Demo.m in Sources */,
			);
			runOnlyForDeploymentPostprocessing = 0;
		};
/* End PBXSourcesBuildPhase section */

/* Begin PBXTargetDependency section */
		286DE8241D92E7C400767E00 /* PBXTargetDependency */ = {
			isa = PBXTargetDependency;
			name = ThemeKit;
			targetProxy = 286DE8231D92E7C400767E00 /* PBXContainerItemProxy */;
		};
/* End PBXTargetDependency section */

/* Begin PBXVariantGroup section */
		285D31571D82BF32001F4097 /* Main.storyboard */ = {
			isa = PBXVariantGroup;
			children = (
				285D31581D82BF32001F4097 /* Base */,
			);
			name = Main.storyboard;
			sourceTree = "<group>";
		};
/* End PBXVariantGroup section */

/* Begin XCBuildConfiguration section */
		285D315B1D82BF32001F4097 /* Debug */ = {
			isa = XCBuildConfiguration;
			buildSettings = {
				ALWAYS_SEARCH_USER_PATHS = NO;
				CLANG_ANALYZER_NONNULL = YES;
				CLANG_CXX_LANGUAGE_STANDARD = "gnu++0x";
				CLANG_CXX_LIBRARY = "libc++";
				CLANG_ENABLE_MODULES = YES;
				CLANG_ENABLE_OBJC_ARC = YES;
				CLANG_WARN_BOOL_CONVERSION = YES;
				CLANG_WARN_CONSTANT_CONVERSION = YES;
				CLANG_WARN_DIRECT_OBJC_ISA_USAGE = YES_ERROR;
				CLANG_WARN_DOCUMENTATION_COMMENTS = YES;
				CLANG_WARN_EMPTY_BODY = YES;
				CLANG_WARN_ENUM_CONVERSION = YES;
				CLANG_WARN_INFINITE_RECURSION = YES;
				CLANG_WARN_INT_CONVERSION = YES;
				CLANG_WARN_OBJC_ROOT_CLASS = YES_ERROR;
				CLANG_WARN_SUSPICIOUS_MOVES = YES;
				CLANG_WARN_UNREACHABLE_CODE = YES;
				CLANG_WARN__DUPLICATE_METHOD_MATCH = YES;
				CODE_SIGN_IDENTITY = "-";
				COPY_PHASE_STRIP = NO;
				DEBUG_INFORMATION_FORMAT = dwarf;
				ENABLE_STRICT_OBJC_MSGSEND = YES;
				ENABLE_TESTABILITY = YES;
				GCC_C_LANGUAGE_STANDARD = gnu99;
				GCC_DYNAMIC_NO_PIC = NO;
				GCC_NO_COMMON_BLOCKS = YES;
				GCC_OPTIMIZATION_LEVEL = 0;
				GCC_PREPROCESSOR_DEFINITIONS = (
					"DEBUG=1",
					"$(inherited)",
				);
				GCC_WARN_64_TO_32_BIT_CONVERSION = YES;
				GCC_WARN_ABOUT_RETURN_TYPE = YES_ERROR;
				GCC_WARN_UNDECLARED_SELECTOR = YES;
				GCC_WARN_UNINITIALIZED_AUTOS = YES_AGGRESSIVE;
				GCC_WARN_UNUSED_FUNCTION = YES;
				GCC_WARN_UNUSED_VARIABLE = YES;
				MACOSX_DEPLOYMENT_TARGET = 10.11;
				MTL_ENABLE_DEBUG_INFO = YES;
				ONLY_ACTIVE_ARCH = YES;
				SDKROOT = macosx;
			};
			name = Debug;
		};
		285D315C1D82BF32001F4097 /* Release */ = {
			isa = XCBuildConfiguration;
			buildSettings = {
				ALWAYS_SEARCH_USER_PATHS = NO;
				CLANG_ANALYZER_NONNULL = YES;
				CLANG_CXX_LANGUAGE_STANDARD = "gnu++0x";
				CLANG_CXX_LIBRARY = "libc++";
				CLANG_ENABLE_MODULES = YES;
				CLANG_ENABLE_OBJC_ARC = YES;
				CLANG_WARN_BOOL_CONVERSION = YES;
				CLANG_WARN_CONSTANT_CONVERSION = YES;
				CLANG_WARN_DIRECT_OBJC_ISA_USAGE = YES_ERROR;
				CLANG_WARN_DOCUMENTATION_COMMENTS = YES;
				CLANG_WARN_EMPTY_BODY = YES;
				CLANG_WARN_ENUM_CONVERSION = YES;
				CLANG_WARN_INFINITE_RECURSION = YES;
				CLANG_WARN_INT_CONVERSION = YES;
				CLANG_WARN_OBJC_ROOT_CLASS = YES_ERROR;
				CLANG_WARN_SUSPICIOUS_MOVES = YES;
				CLANG_WARN_UNREACHABLE_CODE = YES;
				CLANG_WARN__DUPLICATE_METHOD_MATCH = YES;
				CODE_SIGN_IDENTITY = "-";
				COPY_PHASE_STRIP = NO;
				DEBUG_INFORMATION_FORMAT = "dwarf-with-dsym";
				ENABLE_NS_ASSERTIONS = NO;
				ENABLE_STRICT_OBJC_MSGSEND = YES;
				GCC_C_LANGUAGE_STANDARD = gnu99;
				GCC_NO_COMMON_BLOCKS = YES;
				GCC_WARN_64_TO_32_BIT_CONVERSION = YES;
				GCC_WARN_ABOUT_RETURN_TYPE = YES_ERROR;
				GCC_WARN_UNDECLARED_SELECTOR = YES;
				GCC_WARN_UNINITIALIZED_AUTOS = YES_AGGRESSIVE;
				GCC_WARN_UNUSED_FUNCTION = YES;
				GCC_WARN_UNUSED_VARIABLE = YES;
				MACOSX_DEPLOYMENT_TARGET = 10.11;
				MTL_ENABLE_DEBUG_INFO = NO;
				SDKROOT = macosx;
			};
			name = Release;
		};
		285D315E1D82BF32001F4097 /* Debug */ = {
			isa = XCBuildConfiguration;
			buildSettings = {
				ALWAYS_EMBED_SWIFT_STANDARD_LIBRARIES = YES;
				ASSETCATALOG_COMPILER_APPICON_NAME = AppIcon;
				COMBINE_HIDPI_IMAGES = YES;
				INFOPLIST_FILE = DemoObjectiveC/Info.plist;
				LD_RUNPATH_SEARCH_PATHS = "$(inherited) @executable_path/../Frameworks";
				PRODUCT_BUNDLE_IDENTIFIER = com.luckymarmot.DemoObjectiveC;
				PRODUCT_NAME = "$(TARGET_NAME)";
			};
			name = Debug;
		};
		285D315F1D82BF32001F4097 /* Release */ = {
			isa = XCBuildConfiguration;
			buildSettings = {
				ALWAYS_EMBED_SWIFT_STANDARD_LIBRARIES = YES;
				ASSETCATALOG_COMPILER_APPICON_NAME = AppIcon;
				COMBINE_HIDPI_IMAGES = YES;
				INFOPLIST_FILE = DemoObjectiveC/Info.plist;
				LD_RUNPATH_SEARCH_PATHS = "$(inherited) @executable_path/../Frameworks";
				PRODUCT_BUNDLE_IDENTIFIER = com.luckymarmot.DemoObjectiveC;
				PRODUCT_NAME = "$(TARGET_NAME)";
			};
			name = Release;
		};
/* End XCBuildConfiguration section */

/* Begin XCConfigurationList section */
		285D31441D82BF32001F4097 /* Build configuration list for PBXProject "DemoObjectiveC" */ = {
			isa = XCConfigurationList;
			buildConfigurations = (
				285D315B1D82BF32001F4097 /* Debug */,
				285D315C1D82BF32001F4097 /* Release */,
			);
			defaultConfigurationIsVisible = 0;
			defaultConfigurationName = Release;
		};
		285D315D1D82BF32001F4097 /* Build configuration list for PBXNativeTarget "DemoObjectiveC" */ = {
			isa = XCConfigurationList;
			buildConfigurations = (
				285D315E1D82BF32001F4097 /* Debug */,
				285D315F1D82BF32001F4097 /* Release */,
			);
			defaultConfigurationIsVisible = 0;
			defaultConfigurationName = Release;
		};
/* End XCConfigurationList section */
	};
	rootObject = 285D31411D82BF32001F4097 /* Project object */;
}
